Microsoft Visual Studio Solution File, Format Version 12.00
# Visual Studio Version 17
VisualStudioVersion = 17.0.31903.59
MinimumVisualStudioVersion = 10.0.40219.1
Project("{FAE04EC0-301F-11D3-BF4B-00C04F79EFBC}") = "ItemShareFix.Core", "src\ItemShareFix.Core\ItemShareFix.Core.csproj", "{C7E6E4E2-2A49-4C3A-A2D4-A4F0C6DBB56E}"
EndProject
Project("{FAE04EC0-301F-11D3-BF4B-00C04F79EFBC}") = "ItemShareFix.Plugin", "src\ItemShareFix.Plugin\ItemShareFix.Plugin.csproj", "{F202A3A2-C91D-4D62-8E49-AE876C20E8F6}"
EndProject
Project("{FAE04EC0-301F-11D3-BF4B-00C04F79EFBC}") = "ItemShareFix.Core.Tests", "tests\ItemShareFix.Core.Tests\ItemShareFix.Core.Tests.csproj", "{94CE14A9-2668-447E-8604-493EAD0B071C}"
EndProject
Global
  GlobalSection(SolutionConfigurationPlatforms) = preSolution
    Debug|Any CPU = Debug|Any CPU
    Release|Any CPU = Release|Any CPU
  EndGlobalSection
  GlobalSection(ProjectConfigurationPlatforms) = postSolution
    {C7E6E4E2-2A49-4C3A-A2D4-A4F0C6DBB56E}.Debug|Any CPU.ActiveCfg = Debug|Any CPU
    {C7E6E4E2-2A49-4C3A-A2D4-A4F0C6DBB56E}.Debug|Any CPU.Build.0 = Debug|Any CPU
    {C7E6E4E2-2A49-4C3A-A2D4-A4F0C6DBB56E}.Release|Any CPU.ActiveCfg = Release|Any CPU
    {C7E6E4E2-2A49-4C3A-A2D4-A4F0C6DBB56E}.Release|Any CPU.Build.0 = Release|Any CPU
    {F202A3A2-C91D-4D62-8E49-AE876C20E8F6}.Debug|Any CPU.ActiveCfg = Debug|Any CPU
    {F202A3A2-C91D-4D62-8E49-AE876C20E8F6}.Debug|Any CPU.Build.0 = Debug|Any CPU
    {F202A3A2-C91D-4D62-8E49-AE876C20E8F6}.Release|Any CPU.ActiveCfg = Release|Any CPU
    {F202A3A2-C91D-4D62-8E49-AE876C20E8F6}.Release|Any CPU.Build.0 = Release|Any CPU
    {94CE14A9-2668-447E-8604-493EAD0B071C}.Debug|Any CPU.ActiveCfg = Debug|Any CPU
    {94CE14A9-2668-447E-8604-493EAD0B071C}.Debug|Any CPU.Build.0 = Debug|Any CPU
    {94CE14A9-2668-447E-8604-493EAD0B071C}.Release|Any CPU.ActiveCfg = Release|Any CPU
    {94CE14A9-2668-447E-8604-493EAD0B071C}.Release|Any CPU.Build.0 = Release|Any CPU
  EndGlobalSection
EndGlobal
